
Microsoft Visual Studio Solution File, Format Version 11.00
# Visual Web Developer Express 2010
Project("{FAE04EC0-301F-11D3-BF4B-00C04F79EFBC}") = "LearnLanguages.Silverlight", "LearnLanguages.Silverlight.csproj", "{93C38295-8B3A-46C0-9F24-B0C07D0A0091}"
EndProject
Project("{FAE04EC0-301F-11D3-BF4B-00C04F79EFBC}") = "LearnLanguages.Business.Client", "..\LearnLanguages.Business.Client\LearnLanguages.Business.Client.csproj", "{DF6294BF-B319-4968-9472-80BDF5CDCD8C}"
EndProject
Project("{FAE04EC0-301F-11D3-BF4B-00C04F79EFBC}") = "LearnLanguages.Client.Tests", "..\LearnLanguages.Client.Tests\LearnLanguages.Client.Tests.csproj", "{B9AAC9A1-CC31-4033-A7C4-02B826F3C004}"
EndProject
Project("{FAE04EC0-301F-11D3-BF4B-00C04F79EFBC}") = "LearnLanguages.Common", "..\..\shared\LearnLanguages.Common\LearnLanguages.Common.csproj", "{21855F7E-42A3-4CD1-89CF-BE830D655BAD}"
EndProject
Project("{FAE04EC0-301F-11D3-BF4B-00C04F79EFBC}") = "LearnLanguages.DataAccess", "..\..\shared\LearnLanguages.DataAccess\LearnLanguages.DataAccess.csproj", "{F6C8C571-857C-49C5-9075-A459352A3572}"
EndProject
Project("{FAE04EC0-301F-11D3-BF4B-00C04F79EFBC}") = "LearnLanguages.DataAccess.WcfProxy", "..\LearnLanguages.DataAccess.WcfProxy\LearnLanguages.DataAccess.WcfProxy.csproj", "{1CBA4A9E-C8F4-4CA0-8A75-209E73154348}"
EndProject
Global
	GlobalSection(SolutionConfigurationPlatforms) = preSolution
		Debug|Any CPU = Debug|Any CPU
		Release|Any CPU = Release|Any CPU
	EndGlobalSection
	GlobalSection(ProjectConfigurationPlatforms) = postSolution
		{93C38295-8B3A-46C0-9F24-B0C07D0A0091}.Debug|Any CPU.ActiveCfg = Debug|Any CPU
		{93C38295-8B3A-46C0-9F24-B0C07D0A0091}.Debug|Any CPU.Build.0 = Debug|Any CPU
		{93C38295-8B3A-46C0-9F24-B0C07D0A0091}.Release|Any CPU.ActiveCfg = Release|Any CPU
		{93C38295-8B3A-46C0-9F24-B0C07D0A0091}.Release|Any CPU.Build.0 = Release|Any CPU
		{DF6294BF-B319-4968-9472-80BDF5CDCD8C}.Debug|Any CPU.ActiveCfg = Debug|Any CPU
		{DF6294BF-B319-4968-9472-80BDF5CDCD8C}.Debug|Any CPU.Build.0 = Debug|Any CPU
		{DF6294BF-B319-4968-9472-80BDF5CDCD8C}.Release|Any CPU.ActiveCfg = Release|Any CPU
		{DF6294BF-B319-4968-9472-80BDF5CDCD8C}.Release|Any CPU.Build.0 = Release|Any CPU
		{B9AAC9A1-CC31-4033-A7C4-02B826F3C004}.Debug|Any CPU.ActiveCfg = Debug|Any CPU
		{B9AAC9A1-CC31-4033-A7C4-02B826F3C004}.Debug|Any CPU.Build.0 = Debug|Any CPU
		{B9AAC9A1-CC31-4033-A7C4-02B826F3C004}.Release|Any CPU.ActiveCfg = Release|Any CPU
		{B9AAC9A1-CC31-4033-A7C4-02B826F3C004}.Release|Any CPU.Build.0 = Release|Any CPU
		{21855F7E-42A3-4CD1-89CF-BE830D655BAD}.Debug|Any CPU.ActiveCfg = Debug|Any CPU
		{21855F7E-42A3-4CD1-89CF-BE830D655BAD}.Debug|Any CPU.Build.0 = Debug|Any CPU
		{21855F7E-42A3-4CD1-89CF-BE830D655BAD}.Release|Any CPU.ActiveCfg = Release|Any CPU
		{21855F7E-42A3-4CD1-89CF-BE830D655BAD}.Release|Any CPU.Build.0 = Release|Any CPU
		{F6C8C571-857C-49C5-9075-A459352A3572}.Debug|Any CPU.ActiveCfg = Debug|Any CPU
		{F6C8C571-857C-49C5-9075-A459352A3572}.Debug|Any CPU.Build.0 = Debug|Any CPU
		{F6C8C571-857C-49C5-9075-A459352A3572}.Release|Any CPU.ActiveCfg = Release|Any CPU
		{F6C8C571-857C-49C5-9075-A459352A3572}.Release|Any CPU.Build.0 = Release|Any CPU
		{1CBA4A9E-C8F4-4CA0-8A75-209E73154348}.Debug|Any CPU.ActiveCfg = Debug|Any CPU
		{1CBA4A9E-C8F4-4CA0-8A75-209E73154348}.Debug|Any CPU.Build.0 = Debug|Any CPU
		{1CBA4A9E-C8F4-4CA0-8A75-209E73154348}.Release|Any CPU.ActiveCfg = Release|Any CPU
		{1CBA4A9E-C8F4-4CA0-8A75-209E73154348}.Release|Any CPU.Build.0 = Release|Any CPU
	EndGlobalSection
	GlobalSection(SolutionProperties) = preSolution
		HideSolutionNode = FALSE
	EndGlobalSection
EndGlobal
