
Microsoft Visual Studio Solution File, Format Version 11.00
# Visual C# Express 2010
Project("{FAE04EC0-301F-11D3-BF4B-00C04F79EFBC}") = "LearnLanguages.Business.Server", "..\LearnLanguages.Business.Server\LearnLanguages.Business.Server.csproj", "{002D8CB1-896D-4566-8074-E892C667063C}"
EndProject
Project("{FAE04EC0-301F-11D3-BF4B-00C04F79EFBC}") = "LearnLanguages.DataAccess.EFCodeFirstProvider", "..\LearnLanguages.DataAccess.EFCodeFirstProvider\LearnLanguages.DataAccess.EFCodeFirstProvider.csproj", "{F13CC1AF-D044-4A20-A1EE-6EDDBBDC5672}"
EndProject
Project("{FAE04EC0-301F-11D3-BF4B-00C04F79EFBC}") = "LearnLanguages.DataAccess.MockProvider", "..\LearnLanguages.DataAccess.MockProvider\LearnLanguages.DataAccess.MockProvider.csproj", "{2C0142D2-1157-4860-90D3-3D5DAC4E9751}"
EndProject
Project("{FAE04EC0-301F-11D3-BF4B-00C04F79EFBC}") = "LearnLanguages.DataAccess.Server", "..\LearnLanguages.DataAccess.Server\LearnLanguages.DataAccess.Server.csproj", "{1673B435-DB8B-4267-A52D-AB66915BDC6C}"
EndProject
Project("{FAE04EC0-301F-11D3-BF4B-00C04F79EFBC}") = "LearnLanguages.Common.Server", "..\LearnLanguages.Common.Server\LearnLanguages.Common.Server.csproj", "{0E904E74-FF36-4110-AFE6-CB06BAB97CD7}"
EndProject
Project("{FAE04EC0-301F-11D3-BF4B-00C04F79EFBC}") = "LearnLanguages.Service", "LearnLanguages.Service.csproj", "{120C4A30-00D6-4D66-9D16-E29E08FBD431}"
EndProject
Global
	GlobalSection(SolutionConfigurationPlatforms) = preSolution
		Debug|Any CPU = Debug|Any CPU
		Debug|Mixed Platforms = Debug|Mixed Platforms
		Debug|x86 = Debug|x86
		Release|Any CPU = Release|Any CPU
		Release|Mixed Platforms = Release|Mixed Platforms
		Release|x86 = Release|x86
	EndGlobalSection
	GlobalSection(ProjectConfigurationPlatforms) = postSolution
		{002D8CB1-896D-4566-8074-E892C667063C}.Debug|Any CPU.ActiveCfg = Debug|Any CPU
		{002D8CB1-896D-4566-8074-E892C667063C}.Debug|Any CPU.Build.0 = Debug|Any CPU
		{002D8CB1-896D-4566-8074-E892C667063C}.Debug|Mixed Platforms.ActiveCfg = Debug|Any CPU
		{002D8CB1-896D-4566-8074-E892C667063C}.Debug|Mixed Platforms.Build.0 = Debug|Any CPU
		{002D8CB1-896D-4566-8074-E892C667063C}.Debug|x86.ActiveCfg = Debug|Any CPU
		{002D8CB1-896D-4566-8074-E892C667063C}.Release|Any CPU.ActiveCfg = Release|Any CPU
		{002D8CB1-896D-4566-8074-E892C667063C}.Release|Any CPU.Build.0 = Release|Any CPU
		{002D8CB1-896D-4566-8074-E892C667063C}.Release|Mixed Platforms.ActiveCfg = Release|Any CPU
		{002D8CB1-896D-4566-8074-E892C667063C}.Release|Mixed Platforms.Build.0 = Release|Any CPU
		{002D8CB1-896D-4566-8074-E892C667063C}.Release|x86.ActiveCfg = Release|Any CPU
		{F13CC1AF-D044-4A20-A1EE-6EDDBBDC5672}.Debug|Any CPU.ActiveCfg = Debug|Any CPU
		{F13CC1AF-D044-4A20-A1EE-6EDDBBDC5672}.Debug|Any CPU.Build.0 = Debug|Any CPU
		{F13CC1AF-D044-4A20-A1EE-6EDDBBDC5672}.Debug|Mixed Platforms.ActiveCfg = Debug|Any CPU
		{F13CC1AF-D044-4A20-A1EE-6EDDBBDC5672}.Debug|Mixed Platforms.Build.0 = Debug|Any CPU
		{F13CC1AF-D044-4A20-A1EE-6EDDBBDC5672}.Debug|x86.ActiveCfg = Debug|Any CPU
		{F13CC1AF-D044-4A20-A1EE-6EDDBBDC5672}.Release|Any CPU.ActiveCfg = Release|Any CPU
		{F13CC1AF-D044-4A20-A1EE-6EDDBBDC5672}.Release|Any CPU.Build.0 = Release|Any CPU
		{F13CC1AF-D044-4A20-A1EE-6EDDBBDC5672}.Release|Mixed Platforms.ActiveCfg = Release|Any CPU
		{F13CC1AF-D044-4A20-A1EE-6EDDBBDC5672}.Release|Mixed Platforms.Build.0 = Release|Any CPU
		{F13CC1AF-D044-4A20-A1EE-6EDDBBDC5672}.Release|x86.ActiveCfg = Release|Any CPU
		{2C0142D2-1157-4860-90D3-3D5DAC4E9751}.Debug|Any CPU.ActiveCfg = Debug|Any CPU
		{2C0142D2-1157-4860-90D3-3D5DAC4E9751}.Debug|Any CPU.Build.0 = Debug|Any CPU
		{2C0142D2-1157-4860-90D3-3D5DAC4E9751}.Debug|Mixed Platforms.ActiveCfg = Debug|Any CPU
		{2C0142D2-1157-4860-90D3-3D5DAC4E9751}.Debug|Mixed Platforms.Build.0 = Debug|Any CPU
		{2C0142D2-1157-4860-90D3-3D5DAC4E9751}.Debug|x86.ActiveCfg = Debug|Any CPU
		{2C0142D2-1157-4860-90D3-3D5DAC4E9751}.Release|Any CPU.ActiveCfg = Release|Any CPU
		{2C0142D2-1157-4860-90D3-3D5DAC4E9751}.Release|Any CPU.Build.0 = Release|Any CPU
		{2C0142D2-1157-4860-90D3-3D5DAC4E9751}.Release|Mixed Platforms.ActiveCfg = Release|Any CPU
		{2C0142D2-1157-4860-90D3-3D5DAC4E9751}.Release|Mixed Platforms.Build.0 = Release|Any CPU
		{2C0142D2-1157-4860-90D3-3D5DAC4E9751}.Release|x86.ActiveCfg = Release|Any CPU
		{1673B435-DB8B-4267-A52D-AB66915BDC6C}.Debug|Any CPU.ActiveCfg = Debug|Any CPU
		{1673B435-DB8B-4267-A52D-AB66915BDC6C}.Debug|Any CPU.Build.0 = Debug|Any CPU
		{1673B435-DB8B-4267-A52D-AB66915BDC6C}.Debug|Mixed Platforms.ActiveCfg = Debug|Any CPU
		{1673B435-DB8B-4267-A52D-AB66915BDC6C}.Debug|Mixed Platforms.Build.0 = Debug|Any CPU
		{1673B435-DB8B-4267-A52D-AB66915BDC6C}.Debug|x86.ActiveCfg = Debug|Any CPU
		{1673B435-DB8B-4267-A52D-AB66915BDC6C}.Release|Any CPU.ActiveCfg = Release|Any CPU
		{1673B435-DB8B-4267-A52D-AB66915BDC6C}.Release|Any CPU.Build.0 = Release|Any CPU
		{1673B435-DB8B-4267-A52D-AB66915BDC6C}.Release|Mixed Platforms.ActiveCfg = Release|Any CPU
		{1673B435-DB8B-4267-A52D-AB66915BDC6C}.Release|Mixed Platforms.Build.0 = Release|Any CPU
		{1673B435-DB8B-4267-A52D-AB66915BDC6C}.Release|x86.ActiveCfg = Release|Any CPU
		{0E904E74-FF36-4110-AFE6-CB06BAB97CD7}.Debug|Any CPU.ActiveCfg = Debug|Any CPU
		{0E904E74-FF36-4110-AFE6-CB06BAB97CD7}.Debug|Any CPU.Build.0 = Debug|Any CPU
		{0E904E74-FF36-4110-AFE6-CB06BAB97CD7}.Debug|Mixed Platforms.ActiveCfg = Debug|Any CPU
		{0E904E74-FF36-4110-AFE6-CB06BAB97CD7}.Debug|Mixed Platforms.Build.0 = Debug|Any CPU
		{0E904E74-FF36-4110-AFE6-CB06BAB97CD7}.Debug|x86.ActiveCfg = Debug|Any CPU
		{0E904E74-FF36-4110-AFE6-CB06BAB97CD7}.Release|Any CPU.ActiveCfg = Release|Any CPU
		{0E904E74-FF36-4110-AFE6-CB06BAB97CD7}.Release|Any CPU.Build.0 = Release|Any CPU
		{0E904E74-FF36-4110-AFE6-CB06BAB97CD7}.Release|Mixed Platforms.ActiveCfg = Release|Any CPU
		{0E904E74-FF36-4110-AFE6-CB06BAB97CD7}.Release|Mixed Platforms.Build.0 = Release|Any CPU
		{0E904E74-FF36-4110-AFE6-CB06BAB97CD7}.Release|x86.ActiveCfg = Release|Any CPU
		{120C4A30-00D6-4D66-9D16-E29E08FBD431}.Debug|Any CPU.ActiveCfg = Debug|x86
		{120C4A30-00D6-4D66-9D16-E29E08FBD431}.Debug|Mixed Platforms.ActiveCfg = Debug|x86
		{120C4A30-00D6-4D66-9D16-E29E08FBD431}.Debug|Mixed Platforms.Build.0 = Debug|x86
		{120C4A30-00D6-4D66-9D16-E29E08FBD431}.Debug|x86.ActiveCfg = Debug|x86
		{120C4A30-00D6-4D66-9D16-E29E08FBD431}.Debug|x86.Build.0 = Debug|x86
		{120C4A30-00D6-4D66-9D16-E29E08FBD431}.Release|Any CPU.ActiveCfg = Release|x86
		{120C4A30-00D6-4D66-9D16-E29E08FBD431}.Release|Mixed Platforms.ActiveCfg = Release|x86
		{120C4A30-00D6-4D66-9D16-E29E08FBD431}.Release|Mixed Platforms.Build.0 = Release|x86
		{120C4A30-00D6-4D66-9D16-E29E08FBD431}.Release|x86.ActiveCfg = Release|x86
		{120C4A30-00D6-4D66-9D16-E29E08FBD431}.Release|x86.Build.0 = Release|x86
	EndGlobalSection
	GlobalSection(SolutionProperties) = preSolution
		HideSolutionNode = FALSE
	EndGlobalSection
EndGlobal
